
Microsoft Visual Studio Solution File, Format Version 12.00
# Visual Studio 15
VisualStudioVersion = 15.0.27004.2008
MinimumVisualStudioVersion = 10.0.40219.1
Project("{FAE04EC0-301F-11D3-BF4B-00C04F79EFBC}") = "Atividade4.Android", "Atividade4\Atividade4.Android\Atividade4.Android.csproj", "{67E7316A-83FF-425C-987C-5EBED2A8D9C9}"
EndProject
Project("{FAE04EC0-301F-11D3-BF4B-00C04F79EFBC}") = "Atividade4", "Atividade4\Atividade4\Atividade4.csproj", "{BF4B1231-26A0-46A0-B619-C8DFE0A5CAF5}"
EndProject
Project("{FAE04EC0-301F-11D3-BF4B-00C04F79EFBC}") = "Atividade4.iOS", "Atividade4\Atividade4.iOS\Atividade4.iOS.csproj", "{ADE83A64-E9F3-4BC3-A34C-7FA3B664E482}"
EndProject
Global
	GlobalSection(SolutionConfigurationPlatforms) = preSolution
		Ad-Hoc|Any CPU = Ad-Hoc|Any CPU
		Ad-Hoc|iPhone = Ad-Hoc|iPhone
		Ad-Hoc|iPhoneSimulator = Ad-Hoc|iPhoneSimulator
		AppStore|Any CPU = AppStore|Any CPU
		AppStore|iPhone = AppStore|iPhone
		AppStore|iPhoneSimulator = AppStore|iPhoneSimulator
		Debug|Any CPU = Debug|Any CPU
		Debug|iPhone = Debug|iPhone
		Debug|iPhoneSimulator = Debug|iPhoneSimulator
		Release|Any CPU = Release|Any CPU
		Release|iPhone = Release|iPhone
		Release|iPhoneSimulator = Release|iPhoneSimulator
	EndGlobalSection
	GlobalSection(ProjectConfigurationPlatforms) = postSolution
		{67E7316A-83FF-425C-987C-5EBED2A8D9C9}.Ad-Hoc|Any CPU.ActiveCfg = Release|Any CPU
		{67E7316A-83FF-425C-987C-5EBED2A8D9C9}.Ad-Hoc|Any CPU.Build.0 = Release|Any CPU
		{67E7316A-83FF-425C-987C-5EBED2A8D9C9}.Ad-Hoc|Any CPU.Deploy.0 = Release|Any CPU
		{67E7316A-83FF-425C-987C-5EBED2A8D9C9}.Ad-Hoc|iPhone.ActiveCfg = Release|Any CPU
		{67E7316A-83FF-425C-987C-5EBED2A8D9C9}.Ad-Hoc|iPhone.Build.0 = Release|Any CPU
		{67E7316A-83FF-425C-987C-5EBED2A8D9C9}.Ad-Hoc|iPhone.Deploy.0 = Release|Any CPU
		{67E7316A-83FF-425C-987C-5EBED2A8D9C9}.Ad-Hoc|iPhoneSimulator.ActiveCfg = Release|Any CPU
		{67E7316A-83FF-425C-987C-5EBED2A8D9C9}.Ad-Hoc|iPhoneSimulator.Build.0 = Release|Any CPU
		{67E7316A-83FF-425C-987C-5EBED2A8D9C9}.Ad-Hoc|iPhoneSimulator.Deploy.0 = Release|Any CPU
		{67E7316A-83FF-425C-987C-5EBED2A8D9C9}.AppStore|Any CPU.ActiveCfg = Release|Any CPU
		{67E7316A-83FF-425C-987C-5EBED2A8D9C9}.AppStore|Any CPU.Build.0 = Release|Any CPU
		{67E7316A-83FF-425C-987C-5EBED2A8D9C9}.AppStore|Any CPU.Deploy.0 = Release|Any CPU
		{67E7316A-83FF-425C-987C-5EBED2A8D9C9}.AppStore|iPhone.ActiveCfg = Release|Any CPU
		{67E7316A-83FF-425C-987C-5EBED2A8D9C9}.AppStore|iPhone.Build.0 = Release|Any CPU
		{67E7316A-83FF-425C-987C-5EBED2A8D9C9}.AppStore|iPhone.Deploy.0 = Release|Any CPU
		{67E7316A-83FF-425C-987C-5EBED2A8D9C9}.AppStore|iPhoneSimulator.ActiveCfg = Release|Any CPU
		{67E7316A-83FF-425C-987C-5EBED2A8D9C9}.AppStore|iPhoneSimulator.Build.0 = Release|Any CPU
		{67E7316A-83FF-425C-987C-5EBED2A8D9C9}.AppStore|iPhoneSimulator.Deploy.0 = Release|Any CPU
		{67E7316A-83FF-425C-987C-5EBED2A8D9C9}.Debug|Any CPU.ActiveCfg = Debug|Any CPU
		{67E7316A-83FF-425C-987C-5EBED2A8D9C9}.Debug|Any CPU.Build.0 = Debug|Any CPU
		{67E7316A-83FF-425C-987C-5EBED2A8D9C9}.Debug|Any CPU.Deploy.0 = Debug|Any CPU
		{67E7316A-83FF-425C-987C-5EBED2A8D9C9}.Debug|iPhone.ActiveCfg = Debug|Any CPU
		{67E7316A-83FF-425C-987C-5EBED2A8D9C9}.Debug|iPhone.Build.0 = Debug|Any CPU
		{67E7316A-83FF-425C-987C-5EBED2A8D9C9}.Debug|iPhone.Deploy.0 = Debug|Any CPU
		{67E7316A-83FF-425C-987C-5EBED2A8D9C9}.Debug|iPhoneSimulator.ActiveCfg = Debug|Any CPU
		{67E7316A-83FF-425C-987C-5EBED2A8D9C9}.Debug|iPhoneSimulator.Build.0 = Debug|Any CPU
		{67E7316A-83FF-425C-987C-5EBED2A8D9C9}.Debug|iPhoneSimulator.Deploy.0 = Debug|Any CPU
		{67E7316A-83FF-425C-987C-5EBED2A8D9C9}.Release|Any CPU.ActiveCfg = Release|Any CPU
		{67E7316A-83FF-425C-987C-5EBED2A8D9C9}.Release|Any CPU.Build.0 = Release|Any CPU
		{67E7316A-83FF-425C-987C-5EBED2A8D9C9}.Release|Any CPU.Deploy.0 = Release|Any CPU
		{67E7316A-83FF-425C-987C-5EBED2A8D9C9}.Release|iPhone.ActiveCfg = Release|Any CPU
		{67E7316A-83FF-425C-987C-5EBED2A8D9C9}.Release|iPhone.Build.0 = Release|Any CPU
		{67E7316A-83FF-425C-987C-5EBED2A8D9C9}.Release|iPhone.Deploy.0 = Release|Any CPU
		{67E7316A-83FF-425C-987C-5EBED2A8D9C9}.Release|iPhoneSimulator.ActiveCfg = Release|Any CPU
		{67E7316A-83FF-425C-987C-5EBED2A8D9C9}.Release|iPhoneSimulator.Build.0 = Release|Any CPU
		{67E7316A-83FF-425C-987C-5EBED2A8D9C9}.Release|iPhoneSimulator.Deploy.0 = Release|Any CPU
		{BF4B1231-26A0-46A0-B619-C8DFE0A5CAF5}.Ad-Hoc|Any CPU.ActiveCfg = Release|Any CPU
		{BF4B1231-26A0-46A0-B619-C8DFE0A5CAF5}.Ad-Hoc|Any CPU.Build.0 = Release|Any CPU
		{BF4B1231-26A0-46A0-B619-C8DFE0A5CAF5}.Ad-Hoc|iPhone.ActiveCfg = Release|Any CPU
		{BF4B1231-26A0-46A0-B619-C8DFE0A5CAF5}.Ad-Hoc|iPhone.Build.0 = Release|Any CPU
		{BF4B1231-26A0-46A0-B619-C8DFE0A5CAF5}.Ad-Hoc|iPhoneSimulator.ActiveCfg = Release|Any CPU
		{BF4B1231-26A0-46A0-B619-C8DFE0A5CAF5}.Ad-Hoc|iPhoneSimulator.Build.0 = Release|Any CPU
		{BF4B1231-26A0-46A0-B619-C8DFE0A5CAF5}.AppStore|Any CPU.ActiveCfg = Release|Any CPU
		{BF4B1231-26A0-46A0-B619-C8DFE0A5CAF5}.AppStore|Any CPU.Build.0 = Release|Any CPU
		{BF4B1231-26A0-46A0-B619-C8DFE0A5CAF5}.AppStore|iPhone.ActiveCfg = Release|Any CPU
		{BF4B1231-26A0-46A0-B619-C8DFE0A5CAF5}.AppStore|iPhone.Build.0 = Release|Any CPU
		{BF4B1231-26A0-46A0-B619-C8DFE0A5CAF5}.AppStore|iPhoneSimulator.ActiveCfg = Release|Any CPU
		{BF4B1231-26A0-46A0-B619-C8DFE0A5CAF5}.AppStore|iPhoneSimulator.Build.0 = Release|Any CPU
		{BF4B1231-26A0-46A0-B619-C8DFE0A5CAF5}.Debug|Any CPU.ActiveCfg = Debug|Any CPU
		{BF4B1231-26A0-46A0-B619-C8DFE0A5CAF5}.Debug|Any CPU.Build.0 = Debug|Any CPU
		{BF4B1231-26A0-46A0-B619-C8DFE0A5CAF5}.Debug|iPhone.ActiveCfg = Debug|Any CPU
		{BF4B1231-26A0-46A0-B619-C8DFE0A5CAF5}.Debug|iPhone.Build.0 = Debug|Any CPU
		{BF4B1231-26A0-46A0-B619-C8DFE0A5CAF5}.Debug|iPhoneSimulator.ActiveCfg = Debug|Any CPU
		{BF4B1231-26A0-46A0-B619-C8DFE0A5CAF5}.Debug|iPhoneSimulator.Build.0 = Debug|Any CPU
		{BF4B1231-26A0-46A0-B619-C8DFE0A5CAF5}.Release|Any CPU.ActiveCfg = Release|Any CPU
		{BF4B1231-26A0-46A0-B619-C8DFE0A5CAF5}.Release|Any CPU.Build.0 = Release|Any CPU
		{BF4B1231-26A0-46A0-B619-C8DFE0A5CAF5}.Release|iPhone.ActiveCfg = Release|Any CPU
		{BF4B1231-26A0-46A0-B619-C8DFE0A5CAF5}.Release|iPhone.Build.0 = Release|Any CPU
		{BF4B1231-26A0-46A0-B619-C8DFE0A5CAF5}.Release|iPhoneSimulator.ActiveCfg = Release|Any CPU
		{BF4B1231-26A0-46A0-B619-C8DFE0A5CAF5}.Release|iPhoneSimulator.Build.0 = Release|Any CPU
		{ADE83A64-E9F3-4BC3-A34C-7FA3B664E482}.Ad-Hoc|Any CPU.ActiveCfg = Ad-Hoc|iPhoneSimulator
		{ADE83A64-E9F3-4BC3-A34C-7FA3B664E482}.Ad-Hoc|iPhone.ActiveCfg = Ad-Hoc|iPhone
		{ADE83A64-E9F3-4BC3-A34C-7FA3B664E482}.Ad-Hoc|iPhone.Build.0 = Ad-Hoc|iPhone
		{ADE83A64-E9F3-4BC3-A34C-7FA3B664E482}.Ad-Hoc|iPhoneSimulator.ActiveCfg = Ad-Hoc|iPhoneSimulator
		{ADE83A64-E9F3-4BC3-A34C-7FA3B664E482}.Ad-Hoc|iPhoneSimulator.Build.0 = Ad-Hoc|iPhoneSimulator
		{ADE83A64-E9F3-4BC3-A34C-7FA3B664E482}.AppStore|Any CPU.ActiveCfg = AppStore|iPhoneSimulator
		{ADE83A64-E9F3-4BC3-A34C-7FA3B664E482}.AppStore|iPhone.ActiveCfg = AppStore|iPhone
		{ADE83A64-E9F3-4BC3-A34C-7FA3B664E482}.AppStore|iPhone.Build.0 = AppStore|iPhone
		{ADE83A64-E9F3-4BC3-A34C-7FA3B664E482}.AppStore|iPhoneSimulator.ActiveCfg = AppStore|iPhoneSimulator
		{ADE83A64-E9F3-4BC3-A34C-7FA3B664E482}.AppStore|iPhoneSimulator.Build.0 = AppStore|iPhoneSimulator
		{ADE83A64-E9F3-4BC3-A34C-7FA3B664E482}.Debug|Any CPU.ActiveCfg = Debug|iPhoneSimulator
		{ADE83A64-E9F3-4BC3-A34C-7FA3B664E482}.Debug|iPhone.ActiveCfg = Debug|iPhone
		{ADE83A64-E9F3-4BC3-A34C-7FA3B664E482}.Debug|iPhone.Build.0 = Debug|iPhone
		{ADE83A64-E9F3-4BC3-A34C-7FA3B664E482}.Debug|iPhoneSimulator.ActiveCfg = Debug|iPhoneSimulator
		{ADE83A64-E9F3-4BC3-A34C-7FA3B664E482}.Debug|iPhoneSimulator.Build.0 = Debug|iPhoneSimulator
		{ADE83A64-E9F3-4BC3-A34C-7FA3B664E482}.Release|Any CPU.ActiveCfg = Release|iPhoneSimulator
		{ADE83A64-E9F3-4BC3-A34C-7FA3B664E482}.Release|iPhone.ActiveCfg = Release|iPhone
		{ADE83A64-E9F3-4BC3-A34C-7FA3B664E482}.Release|iPhone.Build.0 = Release|iPhone
		{ADE83A64-E9F3-4BC3-A34C-7FA3B664E482}.Release|iPhoneSimulator.ActiveCfg = Release|iPhoneSimulator
		{ADE83A64-E9F3-4BC3-A34C-7FA3B664E482}.Release|iPhoneSimulator.Build.0 = Release|iPhoneSimulator
	EndGlobalSection
	GlobalSection(SolutionProperties) = preSolution
		HideSolutionNode = FALSE
	EndGlobalSection
	GlobalSection(ExtensibilityGlobals) = postSolution
		SolutionGuid = {78FC74BE-6D6C-4094-9D41-21C3290106D3}
	EndGlobalSection
EndGlobal
